<Solution>
  <Folder Name="/src/" />
  <Folder Name="/src/BuildingBlocks/">
    <Project Path="src/BuildingBlocks/HotelSaas.BuildingBlocks.Application/HotelSaas.BuildingBlocks.Application.csproj" />
    <Project Path="src/BuildingBlocks/HotelSaas.BuildingBlocks.Domain/HotelSaas.BuildingBlocks.Domain.csproj" />
    <Project Path="src/BuildingBlocks/HotelSaas.BuildingBlocks.Messaging/HotelSaas.BuildingBlocks.Messaging.csproj" />
    <Project Path="src/BuildingBlocks/HotelSaas.BuildingBlocks.Observability/HotelSaas.BuildingBlocks.Observability.csproj" />
    <Project Path="src/BuildingBlocks/HotelSaas.BuildingBlocks.Persistence/HotelSaas.BuildingBlocks.Persistence.csproj" />
    <Project Path="src/BuildingBlocks/HotelSaas.BuildingBlocks.Web/HotelSaas.BuildingBlocks.Web.csproj" />
  </Folder>
  <Folder Name="/src/services/" />
  <Folder Name="/src/services/identity/">
    <Project Path="src/services/identity/HotelSaas.Identity.Api/HotelSaas.Identity.Api.csproj" />
    <Project Path="src/services/identity/HotelSaas.Identity.Application/HotelSaas.Identity.Application.csproj" />
    <Project Path="src/services/identity/HotelSaas.Identity.Domain/HotelSaas.Identity.Domain.csproj" />
    <Project Path="src/services/identity/HotelSaas.Identity.Infrastructure/HotelSaas.Identity.Infrastructure.csproj" />
  </Folder>
  <Folder Name="/src/services/tenant/">
    <Project Path="src/services/tenant/HotelSaas.Tenant.Api/HotelSaas.Tenant.Api.csproj" />
    <Project Path="src/services/tenant/HotelSaas.Tenant.Application/HotelSaas.Tenant.Application.csproj" />
    <Project Path="src/services/tenant/HotelSaas.Tenant.Domain/HotelSaas.Tenant.Domain.csproj" />
    <Project Path="src/services/tenant/HotelSaas.Tenant.Infrastructure/HotelSaas.Tenant.Infrastructure.csproj" />
  </Folder>
  <Folder Name="/tests/">
    <Project Path="tests/HotelSaas.BuildingBlocks.Tests/HotelSaas.BuildingBlocks.Tests.csproj" />
    <Project Path="tests/HotelSaas.Tenant.IntegrationTests/HotelSaas.Tenant.IntegrationTests.csproj" />
    <Project Path="tests/HotelSaas.Tenant.UnitTests/HotelSaas.Tenant.UnitTests.csproj" />
  </Folder>
</Solution>
